github.com/arewabolu/GoHaskell v0.0.1 h1:tEMaGsoL46/yKmfGFQYcQPNMBubNeOI+JEZ8QIGBvqs=
github.com/arewabolu/GoHaskell v0.0.1/go.mod h1:xtKBsB+jRujtXe+lV8JgmD7b+KnKHNDTMVpwIrHVKIc=
github.com/arewabolu/GoHaskell v0.0.3 h1:ca6EKhLKhO1POnwF+Zsh8CqqwcvKRGlYNpD8ZTPrdwo=
github.com/arewabolu/GoHaskell v0.0.3/go.mod h1:khrj7nU7ytM2hOg/YsKlTw0ISyiiVuIViFMcTcAHrug=
github.com/arewabolu/csvmanager v1.3.3 h1:CsnLZERkQ6AULgngAVTb7bpXs3GVJwM/ReslU8WddVI=
github.com/arewabolu/csvmanager v1.3.3/go.mod h1:1WQWxT4qbyoXdghNp4743IYCp8scWjTFh/OZRPNXgWM=
github.com/arewabolu/csvmanager v1.4.4 h1:GP2DMjvPNDyXPLIBsrVCpbq/eo60IX3umZMt62jESEs=
github.com/arewabolu/csvmanager v1.4.4/go.mod h1:1WQWxT4qbyoXdghNp4743IYCp8scWjTFh/OZRPNXgWM=
golang.org/x/exp v0.0.0-20230118134722-a68e582fa157 h1:fiNkyhJPUvxbRPbCqY/D9qdjmPzfHcpK3P4bM4gioSY=
golang.org/x/exp v0.0.0-20230118134722-a68e582fa157/go.mod h1:CxIveKay+FTh1D0yPZemJVgC/95VzuuOLq5Qi4xnoYc=
golang.org/x/exp v0.0.0-20230213192124-5e25df0256eb h1:PaBZQdo+iSDyHT053FjUCgZQ/9uqVwPOcl7KSWhKn6w=
golang.org/x/exp v0.0.0-20230213192124-5e25df0256eb/go.mod h1:CxIveKay+FTh1D0yPZemJVgC/95VzuuOLq5Qi4xnoYc=
golang.org/x/net v0.5.0 h1:GyT4nK/YDHSqa1c4753ouYCDajOYKTja9Xb/OHtgvSw=
golang.org/x/net v0.5.0/go.mod h1:DivGGAXEgPSlEBzxGzZI+ZLohi+xUj054jfeKui00ws=
golang.org/x/net v0.6.0 h1:L4ZwwTvKW9gr0ZMS1yrHD9GZhIuVjOBBnaKH+SPQK0Q=
golang.org/x/net v0.6.0/go.mod h1:2Tu9+aMcznHK/AK1HMvgo6xiTLG5rD5rZLDS+rp2Bjs=
gonum.org/v1/gonum v0.12.0 h1:xKuo6hzt+gMav00meVPUlXwSdoEJP46BR+wdxQEFK2o=
gonum.org/v1/gonum v0.12.0/go.mod h1:73TDxJfAAHeA8Mk9mf8NlIppyhQNo5GLTcYeqgo2lvY=
