github.com/arewabolu/GoHaskell v0.0.5 h1:6Out2nsMex3X7Y8hcV8iN90hOL5tCktzKLX2hMNUu1M=
github.com/arewabolu/GoHaskell v0.0.5/go.mod h1:khrj7nU7ytM2hOg/YsKlTw0ISyiiVuIViFMcTcAHrug=
github.com/arewabolu/csvmanager v1.1.0 h1:+hyTrHOtqPeiF40G6ldvbCTLJn65D+Y52Qqc338Ebck=
github.com/arewabolu/csvmanager v1.1.0/go.mod h1:/JY378TNOWjSUkfV8Ga7RkUA8TMDnM03EuhOaZacVP4=
golang.org/x/exp v0.0.0-20230519143937-03e91628a987 h1:3xJIFvzUFbu4ls0BTBYcgbCGhA63eAOEMxIHugyXJqA=
golang.org/x/exp v0.0.0-20230519143937-03e91628a987/go.mod h1:V1LtkGg67GoY2N1AnLN78QLrzxkLyJw7RJb1gzOOz9w=
gonum.org/v1/gonum v0.12.0 h1:xKuo6hzt+gMav00meVPUlXwSdoEJP46BR+wdxQEFK2o=
gonum.org/v1/gonum v0.12.0/go.mod h1:73TDxJfAAHeA8Mk9mf8NlIppyhQNo5GLTcYeqgo2lvY=
